{
  "originHash" : "e0beb8be14745513a0459065344ea6e2253070917f6bdddd2a6d2b72e16a9d58",
  "pins" : [
    {
      "identity" : "rainbow",
      "kind" : "remoteSourceControl",
      "location" : "https://github.com/onevcat/Rainbow",
      "state" : {
        "revision" : "e0dada9cd44e3fa7ec3b867e49a8ddbf543e3df3",
        "version" : "4.0.1"
      }
    }
  ],
  "version" : 3
}
